
Microsoft Visual Studio Solution File, Format Version 12.00
# Visual Studio Version 17
VisualStudioVersion = 17.5.002.0
MinimumVisualStudioVersion = 10.0.40219.1
Project("{9A19103F-16F7-4668-BE54-9A1E7A4F7556}") = "myWebApp", "myWebApp.csproj", "{7AD8F933-8991-4B3D-93F7-FEDE4FF0BD68}"
EndProject
Global
	GlobalSection(SolutionConfigurationPlatforms) = preSolution
		Debug|Any CPU = Debug|Any CPU
		Release|Any CPU = Release|Any CPU
	EndGlobalSection
	GlobalSection(ProjectConfigurationPlatforms) = postSolution
		{7AD8F933-8991-4B3D-93F7-FEDE4FF0BD68}.Debug|Any CPU.ActiveCfg = Debug|Any CPU
		{7AD8F933-8991-4B3D-93F7-FEDE4FF0BD68}.Debug|Any CPU.Build.0 = Debug|Any CPU
		{7AD8F933-8991-4B3D-93F7-FEDE4FF0BD68}.Release|Any CPU.ActiveCfg = Release|Any CPU
		{7AD8F933-8991-4B3D-93F7-FEDE4FF0BD68}.Release|Any CPU.Build.0 = Release|Any CPU
	EndGlobalSection
	GlobalSection(SolutionProperties) = preSolution
		HideSolutionNode = FALSE
	EndGlobalSection
	GlobalSection(ExtensibilityGlobals) = postSolution
		SolutionGuid = {BE48C0D5-04C5-4B8B-B7CC-7582551F761D}
	EndGlobalSection
EndGlobal
